
Microsoft Visual Studio Solution File, Format Version 12.00
# Visual Studio Version 17
VisualStudioVersion = 17.14.36301.6 d17.14
MinimumVisualStudioVersion = 10.0.40219.1
Project("{FAE04EC0-301F-11D3-BF4B-00C04F79EFBC}") = "projectManagement", "projectManagement\projectManagement.csproj", "{BB09D00D-EC6C-4227-87BE-8208F70E9046}"
EndProject
Global
	GlobalSection(SolutionConfigurationPlatforms) = preSolution
		Debug|Any CPU = Debug|Any CPU
		Release|Any CPU = Release|Any CPU
	EndGlobalSection
	GlobalSection(ProjectConfigurationPlatforms) = postSolution
		{BB09D00D-EC6C-4227-87BE-8208F70E9046}.Debug|Any CPU.ActiveCfg = Debug|Any CPU
		{BB09D00D-EC6C-4227-87BE-8208F70E9046}.Debug|Any CPU.Build.0 = Debug|Any CPU
		{BB09D00D-EC6C-4227-87BE-8208F70E9046}.Release|Any CPU.ActiveCfg = Release|Any CPU
		{BB09D00D-EC6C-4227-87BE-8208F70E9046}.Release|Any CPU.Build.0 = Release|Any CPU
	EndGlobalSection
	GlobalSection(SolutionProperties) = preSolution
		HideSolutionNode = FALSE
	EndGlobalSection
	GlobalSection(ExtensibilityGlobals) = postSolution
		SolutionGuid = {9611999F-0A4F-4C14-8A6B-BE0BF73EB70F}
	EndGlobalSection
EndGlobal
